
Microsoft Visual Studio Solution File, Format Version 12.00
# Visual Studio Version 16
VisualStudioVersion = 16.0.31005.135
MinimumVisualStudioVersion = 10.0.40219.1
Project("{FAE04EC0-301F-11D3-BF4B-00C04F79EFBC}") = "Tarea_1_Dibujos con lineas", "Tarea_1_Dibujos con lineas\Tarea_1_Dibujos con lineas.csproj", "{920BE559-8FC0-4F70-9B00-117667445B0A}"
EndProject
Global
	GlobalSection(SolutionConfigurationPlatforms) = preSolution
		Debug|Any CPU = Debug|Any CPU
		Release|Any CPU = Release|Any CPU
	EndGlobalSection
	GlobalSection(ProjectConfigurationPlatforms) = postSolution
		{920BE559-8FC0-4F70-9B00-117667445B0A}.Debug|Any CPU.ActiveCfg = Debug|Any CPU
		{920BE559-8FC0-4F70-9B00-117667445B0A}.Debug|Any CPU.Build.0 = Debug|Any CPU
		{920BE559-8FC0-4F70-9B00-117667445B0A}.Release|Any CPU.ActiveCfg = Release|Any CPU
		{920BE559-8FC0-4F70-9B00-117667445B0A}.Release|Any CPU.Build.0 = Release|Any CPU
	EndGlobalSection
	GlobalSection(SolutionProperties) = preSolution
		HideSolutionNode = FALSE
	EndGlobalSection
	GlobalSection(ExtensibilityGlobals) = postSolution
		SolutionGuid = {DE1D4855-4479-49E8-8D64-1C6F923A812B}
	EndGlobalSection
EndGlobal
