
Microsoft Visual Studio Solution File, Format Version 12.00
# Visual Studio Version 16
VisualStudioVersion = 16.0.31005.135
MinimumVisualStudioVersion = 10.0.40219.1
Project("{FAE04EC0-301F-11D3-BF4B-00C04F79EFBC}") = "Clase_1", "Clase_1\Clase_1.csproj", "{0FC1EECC-8098-42BC-AA51-7A21378D0C4E}"
EndProject
Global
	GlobalSection(SolutionConfigurationPlatforms) = preSolution
		Debug|Any CPU = Debug|Any CPU
		Release|Any CPU = Release|Any CPU
	EndGlobalSection
	GlobalSection(ProjectConfigurationPlatforms) = postSolution
		{0FC1EECC-8098-42BC-AA51-7A21378D0C4E}.Debug|Any CPU.ActiveCfg = Debug|Any CPU
		{0FC1EECC-8098-42BC-AA51-7A21378D0C4E}.Debug|Any CPU.Build.0 = Debug|Any CPU
		{0FC1EECC-8098-42BC-AA51-7A21378D0C4E}.Release|Any CPU.ActiveCfg = Release|Any CPU
		{0FC1EECC-8098-42BC-AA51-7A21378D0C4E}.Release|Any CPU.Build.0 = Release|Any CPU
	EndGlobalSection
	GlobalSection(SolutionProperties) = preSolution
		HideSolutionNode = FALSE
	EndGlobalSection
	GlobalSection(ExtensibilityGlobals) = postSolution
		SolutionGuid = {F44525C8-F47E-4393-A909-434E07FE4F34}
	EndGlobalSection
EndGlobal
